
Microsoft Visual Studio Solution File, Format Version 12.00
# Visual Studio Version 17
VisualStudioVersion = 17.0.31903.59
MinimumVisualStudioVersion = 10.0.40219.1
Project("{2150E333-8FDC-42A3-9474-1A3956D46DE8}") = "backend", "backend", "{1AE8ACA6-933B-BF2A-3671-3E2EAC007D16}"
EndProject
Project("{2150E333-8FDC-42A3-9474-1A3956D46DE8}") = "src", "src", "{0F9113EE-888A-26D2-68B0-4A7D0A2A8745}"
EndProject
Project("{FAE04EC0-301F-11D3-BF4B-00C04F79EFBC}") = "Plus5.Domain", "backend\src\Plus5.Domain\Plus5.Domain.csproj", "{20BC6A1D-332C-4266-BC67-97AD554E58C2}"
EndProject
Project("{FAE04EC0-301F-11D3-BF4B-00C04F79EFBC}") = "Plus5.Application", "backend\src\Plus5.Application\Plus5.Application.csproj", "{99E683F8-DD69-4330-8AB2-DF8B12F4A9EB}"
EndProject
Project("{FAE04EC0-301F-11D3-BF4B-00C04F79EFBC}") = "Plus5.Infrastructure", "backend\src\Plus5.Infrastructure\Plus5.Infrastructure.csproj", "{60FBA23C-680E-425C-B127-B3DEC1055C0F}"
EndProject
Project("{FAE04EC0-301F-11D3-BF4B-00C04F79EFBC}") = "Plus5.Api", "backend\src\Plus5.Api\Plus5.Api.csproj", "{DA1E5F63-86D6-4B2C-9427-498CE1ED8A11}"
EndProject
Project("{2150E333-8FDC-42A3-9474-1A3956D46DE8}") = "tests", "tests", "{F57642F3-C37C-D174-720E-6A6AAD5BEE22}"
EndProject
Project("{FAE04EC0-301F-11D3-BF4B-00C04F79EFBC}") = "Plus5.ArchitectureTests", "backend\tests\Plus5.ArchitectureTests\Plus5.ArchitectureTests.csproj", "{F2C506AE-1138-4DC0-8EF8-12EC00D8DF37}"
EndProject
Project("{FAE04EC0-301F-11D3-BF4B-00C04F79EFBC}") = "Plus5.Api.Tests", "backend\tests\Plus5.Api.Tests\Plus5.Api.Tests.csproj", "{A48D3D41-2E64-4D2D-8B83-F635D6B011B9}"
EndProject
Global
	GlobalSection(SolutionConfigurationPlatforms) = preSolution
		Debug|Any CPU = Debug|Any CPU
		Debug|x64 = Debug|x64
		Debug|x86 = Debug|x86
		Release|Any CPU = Release|Any CPU
		Release|x64 = Release|x64
		Release|x86 = Release|x86
	EndGlobalSection
	GlobalSection(ProjectConfigurationPlatforms) = postSolution
		{20BC6A1D-332C-4266-BC67-97AD554E58C2}.Debug|Any CPU.ActiveCfg = Debug|Any CPU
		{20BC6A1D-332C-4266-BC67-97AD554E58C2}.Debug|Any CPU.Build.0 = Debug|Any CPU
		{20BC6A1D-332C-4266-BC67-97AD554E58C2}.Debug|x64.ActiveCfg = Debug|Any CPU
		{20BC6A1D-332C-4266-BC67-97AD554E58C2}.Debug|x64.Build.0 = Debug|Any CPU
		{20BC6A1D-332C-4266-BC67-97AD554E58C2}.Debug|x86.ActiveCfg = Debug|Any CPU
		{20BC6A1D-332C-4266-BC67-97AD554E58C2}.Debug|x86.Build.0 = Debug|Any CPU
		{20BC6A1D-332C-4266-BC67-97AD554E58C2}.Release|Any CPU.ActiveCfg = Release|Any CPU
		{20BC6A1D-332C-4266-BC67-97AD554E58C2}.Release|Any CPU.Build.0 = Release|Any CPU
		{20BC6A1D-332C-4266-BC67-97AD554E58C2}.Release|x64.ActiveCfg = Release|Any CPU
		{20BC6A1D-332C-4266-BC67-97AD554E58C2}.Release|x64.Build.0 = Release|Any CPU
		{20BC6A1D-332C-4266-BC67-97AD554E58C2}.Release|x86.ActiveCfg = Release|Any CPU
		{20BC6A1D-332C-4266-BC67-97AD554E58C2}.Release|x86.Build.0 = Release|Any CPU
		{99E683F8-DD69-4330-8AB2-DF8B12F4A9EB}.Debug|Any CPU.ActiveCfg = Debug|Any CPU
		{99E683F8-DD69-4330-8AB2-DF8B12F4A9EB}.Debug|Any CPU.Build.0 = Debug|Any CPU
		{99E683F8-DD69-4330-8AB2-DF8B12F4A9EB}.Debug|x64.ActiveCfg = Debug|Any CPU
		{99E683F8-DD69-4330-8AB2-DF8B12F4A9EB}.Debug|x64.Build.0 = Debug|Any CPU
		{99E683F8-DD69-4330-8AB2-DF8B12F4A9EB}.Debug|x86.ActiveCfg = Debug|Any CPU
		{99E683F8-DD69-4330-8AB2-DF8B12F4A9EB}.Debug|x86.Build.0 = Debug|Any CPU
		{99E683F8-DD69-4330-8AB2-DF8B12F4A9EB}.Release|Any CPU.ActiveCfg = Release|Any CPU
		{99E683F8-DD69-4330-8AB2-DF8B12F4A9EB}.Release|Any CPU.Build.0 = Release|Any CPU
		{99E683F8-DD69-4330-8AB2-DF8B12F4A9EB}.Release|x64.ActiveCfg = Release|Any CPU
		{99E683F8-DD69-4330-8AB2-DF8B12F4A9EB}.Release|x64.Build.0 = Release|Any CPU
		{99E683F8-DD69-4330-8AB2-DF8B12F4A9EB}.Release|x86.ActiveCfg = Release|Any CPU
		{99E683F8-DD69-4330-8AB2-DF8B12F4A9EB}.Release|x86.Build.0 = Release|Any CPU
		{60FBA23C-680E-425C-B127-B3DEC1055C0F}.Debug|Any CPU.ActiveCfg = Debug|Any CPU
		{60FBA23C-680E-425C-B127-B3DEC1055C0F}.Debug|Any CPU.Build.0 = Debug|Any CPU
		{60FBA23C-680E-425C-B127-B3DEC1055C0F}.Debug|x64.ActiveCfg = Debug|Any CPU
		{60FBA23C-680E-425C-B127-B3DEC1055C0F}.Debug|x64.Build.0 = Debug|Any CPU
		{60FBA23C-680E-425C-B127-B3DEC1055C0F}.Debug|x86.ActiveCfg = Debug|Any CPU
		{60FBA23C-680E-425C-B127-B3DEC1055C0F}.Debug|x86.Build.0 = Debug|Any CPU
		{60FBA23C-680E-425C-B127-B3DEC1055C0F}.Release|Any CPU.ActiveCfg = Release|Any CPU
		{60FBA23C-680E-425C-B127-B3DEC1055C0F}.Release|Any CPU.Build.0 = Release|Any CPU
		{60FBA23C-680E-425C-B127-B3DEC1055C0F}.Release|x64.ActiveCfg = Release|Any CPU
		{60FBA23C-680E-425C-B127-B3DEC1055C0F}.Release|x64.Build.0 = Release|Any CPU
		{60FBA23C-680E-425C-B127-B3DEC1055C0F}.Release|x86.ActiveCfg = Release|Any CPU
		{60FBA23C-680E-425C-B127-B3DEC1055C0F}.Release|x86.Build.0 = Release|Any CPU
		{DA1E5F63-86D6-4B2C-9427-498CE1ED8A11}.Debug|Any CPU.ActiveCfg = Debug|Any CPU
		{DA1E5F63-86D6-4B2C-9427-498CE1ED8A11}.Debug|Any CPU.Build.0 = Debug|Any CPU
		{DA1E5F63-86D6-4B2C-9427-498CE1ED8A11}.Debug|x64.ActiveCfg = Debug|Any CPU
		{DA1E5F63-86D6-4B2C-9427-498CE1ED8A11}.Debug|x64.Build.0 = Debug|Any CPU
		{DA1E5F63-86D6-4B2C-9427-498CE1ED8A11}.Debug|x86.ActiveCfg = Debug|Any CPU
		{DA1E5F63-86D6-4B2C-9427-498CE1ED8A11}.Debug|x86.Build.0 = Debug|Any CPU
		{DA1E5F63-86D6-4B2C-9427-498CE1ED8A11}.Release|Any CPU.ActiveCfg = Release|Any CPU
		{DA1E5F63-86D6-4B2C-9427-498CE1ED8A11}.Release|Any CPU.Build.0 = Release|Any CPU
		{DA1E5F63-86D6-4B2C-9427-498CE1ED8A11}.Release|x64.ActiveCfg = Release|Any CPU
		{DA1E5F63-86D6-4B2C-9427-498CE1ED8A11}.Release|x64.Build.0 = Release|Any CPU
		{DA1E5F63-86D6-4B2C-9427-498CE1ED8A11}.Release|x86.ActiveCfg = Release|Any CPU
		{DA1E5F63-86D6-4B2C-9427-498CE1ED8A11}.Release|x86.Build.0 = Release|Any CPU
		{F2C506AE-1138-4DC0-8EF8-12EC00D8DF37}.Debug|Any CPU.ActiveCfg = Debug|Any CPU
		{F2C506AE-1138-4DC0-8EF8-12EC00D8DF37}.Debug|Any CPU.Build.0 = Debug|Any CPU
		{F2C506AE-1138-4DC0-8EF8-12EC00D8DF37}.Debug|x64.ActiveCfg = Debug|Any CPU
		{F2C506AE-1138-4DC0-8EF8-12EC00D8DF37}.Debug|x64.Build.0 = Debug|Any CPU
		{F2C506AE-1138-4DC0-8EF8-12EC00D8DF37}.Debug|x86.ActiveCfg = Debug|Any CPU
		{F2C506AE-1138-4DC0-8EF8-12EC00D8DF37}.Debug|x86.Build.0 = Debug|Any CPU
		{F2C506AE-1138-4DC0-8EF8-12EC00D8DF37}.Release|Any CPU.ActiveCfg = Release|Any CPU
		{F2C506AE-1138-4DC0-8EF8-12EC00D8DF37}.Release|Any CPU.Build.0 = Release|Any CPU
		{F2C506AE-1138-4DC0-8EF8-12EC00D8DF37}.Release|x64.ActiveCfg = Release|Any CPU
		{F2C506AE-1138-4DC0-8EF8-12EC00D8DF37}.Release|x64.Build.0 = Release|Any CPU
		{F2C506AE-1138-4DC0-8EF8-12EC00D8DF37}.Release|x86.ActiveCfg = Release|Any CPU
		{F2C506AE-1138-4DC0-8EF8-12EC00D8DF37}.Release|x86.Build.0 = Release|Any CPU
		{A48D3D41-2E64-4D2D-8B83-F635D6B011B9}.Debug|Any CPU.ActiveCfg = Debug|Any CPU
		{A48D3D41-2E64-4D2D-8B83-F635D6B011B9}.Debug|Any CPU.Build.0 = Debug|Any CPU
		{A48D3D41-2E64-4D2D-8B83-F635D6B011B9}.Debug|x64.ActiveCfg = Debug|Any CPU
		{A48D3D41-2E64-4D2D-8B83-F635D6B011B9}.Debug|x64.Build.0 = Debug|Any CPU
		{A48D3D41-2E64-4D2D-8B83-F635D6B011B9}.Debug|x86.ActiveCfg = Debug|Any CPU
		{A48D3D41-2E64-4D2D-8B83-F635D6B011B9}.Debug|x86.Build.0 = Debug|Any CPU
		{A48D3D41-2E64-4D2D-8B83-F635D6B011B9}.Release|Any CPU.ActiveCfg = Release|Any CPU
		{A48D3D41-2E64-4D2D-8B83-F635D6B011B9}.Release|Any CPU.Build.0 = Release|Any CPU
		{A48D3D41-2E64-4D2D-8B83-F635D6B011B9}.Release|x64.ActiveCfg = Release|Any CPU
		{A48D3D41-2E64-4D2D-8B83-F635D6B011B9}.Release|x64.Build.0 = Release|Any CPU
		{A48D3D41-2E64-4D2D-8B83-F635D6B011B9}.Release|x86.ActiveCfg = Release|Any CPU
		{A48D3D41-2E64-4D2D-8B83-F635D6B011B9}.Release|x86.Build.0 = Release|Any CPU
	EndGlobalSection
	GlobalSection(SolutionProperties) = preSolution
		HideSolutionNode = FALSE
	EndGlobalSection
	GlobalSection(NestedProjects) = preSolution
		{0F9113EE-888A-26D2-68B0-4A7D0A2A8745} = {1AE8ACA6-933B-BF2A-3671-3E2EAC007D16}
		{20BC6A1D-332C-4266-BC67-97AD554E58C2} = {0F9113EE-888A-26D2-68B0-4A7D0A2A8745}
		{99E683F8-DD69-4330-8AB2-DF8B12F4A9EB} = {0F9113EE-888A-26D2-68B0-4A7D0A2A8745}
		{60FBA23C-680E-425C-B127-B3DEC1055C0F} = {0F9113EE-888A-26D2-68B0-4A7D0A2A8745}
		{DA1E5F63-86D6-4B2C-9427-498CE1ED8A11} = {0F9113EE-888A-26D2-68B0-4A7D0A2A8745}
		{F57642F3-C37C-D174-720E-6A6AAD5BEE22} = {1AE8ACA6-933B-BF2A-3671-3E2EAC007D16}
		{F2C506AE-1138-4DC0-8EF8-12EC00D8DF37} = {F57642F3-C37C-D174-720E-6A6AAD5BEE22}
		{A48D3D41-2E64-4D2D-8B83-F635D6B011B9} = {F57642F3-C37C-D174-720E-6A6AAD5BEE22}
	EndGlobalSection
EndGlobal
